
Microsoft Visual Studio Solution File, Format Version 12.00
# Visual Studio Version 16
VisualStudioVersion = 16.0.31729.503
MinimumVisualStudioVersion = 10.0.40219.1
Project("{FAE04EC0-301F-11D3-BF4B-00C04F79EFBC}") = "AutogermanaTest", "AutogermanaTest.csproj", "{656C503B-26AE-4BDA-96CA-592E1D61A422}"
EndProject
Project("{FAE04EC0-301F-11D3-BF4B-00C04F79EFBC}") = "AutogermanaTest.Infraestructure", "..\AutogermanaTest.Infraestructure\AutogermanaTest.Infraestructure.csproj", "{6D5163FD-64C7-4021-87E5-C13BDBBB494B}"
EndProject
Project("{FAE04EC0-301F-11D3-BF4B-00C04F79EFBC}") = "AutogermanaTest.Core", "..\AutogermanaTest.Core\AutogermanaTest.Core.csproj", "{CA852012-AED8-4EA5-9FC7-45304096FC24}"
EndProject
Global
	GlobalSection(SolutionConfigurationPlatforms) = preSolution
		Debug|Any CPU = Debug|Any CPU
		Release|Any CPU = Release|Any CPU
	EndGlobalSection
	GlobalSection(ProjectConfigurationPlatforms) = postSolution
		{656C503B-26AE-4BDA-96CA-592E1D61A422}.Debug|Any CPU.ActiveCfg = Debug|Any CPU
		{656C503B-26AE-4BDA-96CA-592E1D61A422}.Debug|Any CPU.Build.0 = Debug|Any CPU
		{656C503B-26AE-4BDA-96CA-592E1D61A422}.Release|Any CPU.ActiveCfg = Release|Any CPU
		{656C503B-26AE-4BDA-96CA-592E1D61A422}.Release|Any CPU.Build.0 = Release|Any CPU
		{6D5163FD-64C7-4021-87E5-C13BDBBB494B}.Debug|Any CPU.ActiveCfg = Debug|Any CPU
		{6D5163FD-64C7-4021-87E5-C13BDBBB494B}.Debug|Any CPU.Build.0 = Debug|Any CPU
		{6D5163FD-64C7-4021-87E5-C13BDBBB494B}.Release|Any CPU.ActiveCfg = Release|Any CPU
		{6D5163FD-64C7-4021-87E5-C13BDBBB494B}.Release|Any CPU.Build.0 = Release|Any CPU
		{CA852012-AED8-4EA5-9FC7-45304096FC24}.Debug|Any CPU.ActiveCfg = Debug|Any CPU
		{CA852012-AED8-4EA5-9FC7-45304096FC24}.Debug|Any CPU.Build.0 = Debug|Any CPU
		{CA852012-AED8-4EA5-9FC7-45304096FC24}.Release|Any CPU.ActiveCfg = Release|Any CPU
		{CA852012-AED8-4EA5-9FC7-45304096FC24}.Release|Any CPU.Build.0 = Release|Any CPU
	EndGlobalSection
	GlobalSection(SolutionProperties) = preSolution
		HideSolutionNode = FALSE
	EndGlobalSection
	GlobalSection(ExtensibilityGlobals) = postSolution
		SolutionGuid = {E99C04CB-15EB-4F6D-A467-52B1399367F1}
	EndGlobalSection
EndGlobal
